
Microsoft Visual Studio Solution File, Format Version 12.00
# Visual Studio Version 17
VisualStudioVersion = 17.0.31903.59
MinimumVisualStudioVersion = 10.0.40219.1
Project("{FAE04EC0-301F-11D3-BF4B-00C04F79EFBC}") = "StarPlex.Domain", "src\StarPlex.Domain\StarPlex.Domain.csproj", "{17B0EC90-73DB-45FD-B89B-D5E9EF8913A7}"
EndProject
Project("{FAE04EC0-301F-11D3-BF4B-00C04F79EFBC}") = "StarPlex.Application", "src\StarPlex.Application\StarPlex.Application.csproj", "{3052D498-9A29-4C54-A6A5-CB5B144B2744}"
EndProject
Project("{FAE04EC0-301F-11D3-BF4B-00C04F79EFBC}") = "StarPlex.Infrastructure", "src\StarPlex.Infrastructure\StarPlex.Infrastructure.csproj", "{240B0BD2-1960-490D-8E15-A7247A8FC03E}"
EndProject
Project("{FAE04EC0-301F-11D3-BF4B-00C04F79EFBC}") = "StarPlex.API", "src\StarPlex.API\StarPlex.API.csproj", "{40BF9C08-6256-4FE7-BB3F-F14C1BBD83E9}"
EndProject
Project("{2150E333-8FDC-42A3-9474-1A3956D46DE8}") = "tests", "tests", "{42475DCE-EEB1-4EB7-9B09-EDA285B74877}"
EndProject
Project("{FAE04EC0-301F-11D3-BF4B-00C04F79EFBC}") = "StarPlex.Domain.UnitTests", "tests\StarPlex.Domain.UnitTests\StarPlex.Domain.UnitTests.csproj", "{81856915-E692-4870-9574-594244F75AC7}"
EndProject
Project("{FAE04EC0-301F-11D3-BF4B-00C04F79EFBC}") = "StarPlex.Application.IntegrationTests", "tests\StarPlex.Application.IntegrationTests\StarPlex.Application.IntegrationTests.csproj", "{AD9EF6DC-F1FE-481C-9D97-FCE1E4A105E2}"
EndProject
Project("{FAE04EC0-301F-11D3-BF4B-00C04F79EFBC}") = "StarPlex.API.IntegrationTests", "tests\StarPlex.API.IntegrationTests\StarPlex.API.IntegrationTests.csproj", "{58D2531F-7216-4C65-A68F-6B7106D71AA0}"
EndProject
Global
	GlobalSection(SolutionConfigurationPlatforms) = preSolution
		Debug|Any CPU = Debug|Any CPU
		Release|Any CPU = Release|Any CPU
	EndGlobalSection
	GlobalSection(SolutionProperties) = preSolution
		HideSolutionNode = FALSE
	EndGlobalSection
	GlobalSection(ProjectConfigurationPlatforms) = postSolution
		{17B0EC90-73DB-45FD-B89B-D5E9EF8913A7}.Debug|Any CPU.ActiveCfg = Debug|Any CPU
		{17B0EC90-73DB-45FD-B89B-D5E9EF8913A7}.Debug|Any CPU.Build.0 = Debug|Any CPU
		{17B0EC90-73DB-45FD-B89B-D5E9EF8913A7}.Release|Any CPU.ActiveCfg = Release|Any CPU
		{17B0EC90-73DB-45FD-B89B-D5E9EF8913A7}.Release|Any CPU.Build.0 = Release|Any CPU
		{3052D498-9A29-4C54-A6A5-CB5B144B2744}.Debug|Any CPU.ActiveCfg = Debug|Any CPU
		{3052D498-9A29-4C54-A6A5-CB5B144B2744}.Debug|Any CPU.Build.0 = Debug|Any CPU
		{3052D498-9A29-4C54-A6A5-CB5B144B2744}.Release|Any CPU.ActiveCfg = Release|Any CPU
		{3052D498-9A29-4C54-A6A5-CB5B144B2744}.Release|Any CPU.Build.0 = Release|Any CPU
		{240B0BD2-1960-490D-8E15-A7247A8FC03E}.Debug|Any CPU.ActiveCfg = Debug|Any CPU
		{240B0BD2-1960-490D-8E15-A7247A8FC03E}.Debug|Any CPU.Build.0 = Debug|Any CPU
		{240B0BD2-1960-490D-8E15-A7247A8FC03E}.Release|Any CPU.ActiveCfg = Release|Any CPU
		{240B0BD2-1960-490D-8E15-A7247A8FC03E}.Release|Any CPU.Build.0 = Release|Any CPU
		{40BF9C08-6256-4FE7-BB3F-F14C1BBD83E9}.Debug|Any CPU.ActiveCfg = Debug|Any CPU
		{40BF9C08-6256-4FE7-BB3F-F14C1BBD83E9}.Debug|Any CPU.Build.0 = Debug|Any CPU
		{40BF9C08-6256-4FE7-BB3F-F14C1BBD83E9}.Release|Any CPU.ActiveCfg = Release|Any CPU
		{40BF9C08-6256-4FE7-BB3F-F14C1BBD83E9}.Release|Any CPU.Build.0 = Release|Any CPU
		{81856915-E692-4870-9574-594244F75AC7}.Debug|Any CPU.ActiveCfg = Debug|Any CPU
		{81856915-E692-4870-9574-594244F75AC7}.Debug|Any CPU.Build.0 = Debug|Any CPU
		{81856915-E692-4870-9574-594244F75AC7}.Release|Any CPU.ActiveCfg = Release|Any CPU
		{81856915-E692-4870-9574-594244F75AC7}.Release|Any CPU.Build.0 = Release|Any CPU
		{AD9EF6DC-F1FE-481C-9D97-FCE1E4A105E2}.Debug|Any CPU.ActiveCfg = Debug|Any CPU
		{AD9EF6DC-F1FE-481C-9D97-FCE1E4A105E2}.Debug|Any CPU.Build.0 = Debug|Any CPU
		{AD9EF6DC-F1FE-481C-9D97-FCE1E4A105E2}.Release|Any CPU.ActiveCfg = Release|Any CPU
		{AD9EF6DC-F1FE-481C-9D97-FCE1E4A105E2}.Release|Any CPU.Build.0 = Release|Any CPU
		{58D2531F-7216-4C65-A68F-6B7106D71AA0}.Debug|Any CPU.ActiveCfg = Debug|Any CPU
		{58D2531F-7216-4C65-A68F-6B7106D71AA0}.Debug|Any CPU.Build.0 = Debug|Any CPU
		{58D2531F-7216-4C65-A68F-6B7106D71AA0}.Release|Any CPU.ActiveCfg = Release|Any CPU
		{58D2531F-7216-4C65-A68F-6B7106D71AA0}.Release|Any CPU.Build.0 = Release|Any CPU
	EndGlobalSection
	GlobalSection(NestedProjects) = preSolution
		{81856915-E692-4870-9574-594244F75AC7} = {42475DCE-EEB1-4EB7-9B09-EDA285B74877}
		{AD9EF6DC-F1FE-481C-9D97-FCE1E4A105E2} = {42475DCE-EEB1-4EB7-9B09-EDA285B74877}
		{58D2531F-7216-4C65-A68F-6B7106D71AA0} = {42475DCE-EEB1-4EB7-9B09-EDA285B74877}
	EndGlobalSection
EndGlobal
